
Microsoft Visual Studio Solution File, Format Version 12.00
# Visual Studio Version 17
VisualStudioVersion = 17.8.34330.188
MinimumVisualStudioVersion = 10.0.40219.1
Project("{FAE04EC0-301F-11D3-BF4B-00C04F79EFBC}") = "ConsoleApp1", "ConsoleApp1.csproj", "{2678CD3D-0B5A-4C10-A06E-2B318C9DE639}"
EndProject
Global
	GlobalSection(SolutionConfigurationPlatforms) = preSolution
		Debug|Any CPU = Debug|Any CPU
		Release|Any CPU = Release|Any CPU
	EndGlobalSection
	GlobalSection(ProjectConfigurationPlatforms) = postSolution
		{2678CD3D-0B5A-4C10-A06E-2B318C9DE639}.Debug|Any CPU.ActiveCfg = Debug|Any CPU
		{2678CD3D-0B5A-4C10-A06E-2B318C9DE639}.Debug|Any CPU.Build.0 = Debug|Any CPU
		{2678CD3D-0B5A-4C10-A06E-2B318C9DE639}.Release|Any CPU.ActiveCfg = Release|Any CPU
		{2678CD3D-0B5A-4C10-A06E-2B318C9DE639}.Release|Any CPU.Build.0 = Release|Any CPU
	EndGlobalSection
	GlobalSection(SolutionProperties) = preSolution
		HideSolutionNode = FALSE
	EndGlobalSection
	GlobalSection(ExtensibilityGlobals) = postSolution
		SolutionGuid = {A62EF890-9D74-42B5-BDCA-A223C921761E}
	EndGlobalSection
EndGlobal
